# This file is automatically @generated by Cargo.
# It is not intended for manual editing.
version = 4

[[package]]
name = "smista-cli"
version = "0.0.0"

[[package]]
name = "smista-core"
version = "0.0.0"

[[package]]
name = "smista-providers"
version = "0.0.0"

[[package]]
name = "smista-router"
version = "0.0.0"

[[package]]
name = "smista-storage"
version = "0.0.0"

[[package]]
name = "smista-trace"
version = "0.0.0"

[[package]]
name = "smista-web"
version = "0.0.0"
